// !$*UTF8*$!
{
	archiveVersion = 1;
	classes = {
	};
	objectVersion = 52;
	objects = {

/* Begin PBXBuildFile section */
		C1D1C4EE261D563A0013DABC /* Landmark.swift in Sources */ = {isa = PBXBuildFile; fileRef = C1D1C4ED261D563A0013DABC /* Landmark.swift */; };
		C1D1C4F0261D5B9B0013DABC /* Data.swift in Sources */ = {isa = PBXBuildFile; fileRef = C1D1C4EF261D5B9B0013DABC /* Data.swift */; };
		C1D1C4F2261D5EEA0013DABC /* LandmarkRow.swift in Sources */ = {isa = PBXBuildFile; fileRef = C1D1C4F1261D5EEA0013DABC /* LandmarkRow.swift */; };
		C1D1C4F4261D780A0013DABC /* LandmarkList.swift in Sources */ = {isa = PBXBuildFile; fileRef = C1D1C4F3261D780A0013DABC /* LandmarkList.swift */; };
		C1D1C4F7261D9B5D0013DABC /* UserData.swift in Sources */ = {isa = PBXBuildFile; fileRef = C1D1C4F6261D9B5D0013DABC /* UserData.swift */; };
		C1D1C4FB261EC2400013DABC /* Badge.swift in Sources */ = {isa = PBXBuildFile; fileRef = C1D1C4FA261EC2400013DABC /* Badge.swift */; };
		C1D1C4FD261EC3380013DABC /* HexagonParameters.swift in Sources */ = {isa = PBXBuildFile; fileRef = C1D1C4FC261EC3380013DABC /* HexagonParameters.swift */; };
		C1D1C4FF261ED4210013DABC /* LoginView.swift in Sources */ = {isa = PBXBuildFile; fileRef = C1D1C4FE261ED4210013DABC /* LoginView.swift */; };
		C1D1C501261ED6C10013DABC /* UIPlayerView.swift in Sources */ = {isa = PBXBuildFile; fileRef = C1D1C500261ED6C10013DABC /* UIPlayerView.swift */; };
		C1EB64F1261C4696002C93CA /* LandmarksApp.swift in Sources */ = {isa = PBXBuildFile; fileRef = C1EB64F0261C4696002C93CA /* LandmarksApp.swift */; };
		C1EB64F3261C4696002C93CA /* LandmarkDetail.swift in Sources */ = {isa = PBXBuildFile; fileRef = C1EB64F2261C4696002C93CA /* LandmarkDetail.swift */; };
		C1EB64F5261C4697002C93CA /* Assets.xcassets in Resources */ = {isa = PBXBuildFile; fileRef = C1EB64F4261C4697002C93CA /* Assets.xcassets */; };
		C1EB64F8261C4697002C93CA /* Preview Assets.xcassets in Resources */ = {isa = PBXBuildFile; fileRef = C1EB64F7261C4697002C93CA /* Preview Assets.xcassets */; };
		C1EB6502261C473E002C93CA /* Realm.xcframework in Frameworks */ = {isa = PBXBuildFile; fileRef = C1EB6501261C473E002C93CA /* Realm.xcframework */; };
		C1EB6503261C473E002C93CA /* Realm.xcframework in Embed Frameworks */ = {isa = PBXBuildFile; fileRef = C1EB6501261C473E002C93CA /* Realm.xcframework */; settings = {ATTRIBUTES = (CodeSignOnCopy, RemoveHeadersOnCopy, ); }; };
		C1EB6506261C4741002C93CA /* RealmSwift.xcframework in Frameworks */ = {isa = PBXBuildFile; fileRef = C1EB6505261C4741002C93CA /* RealmSwift.xcframework */; };
		C1EB6507261C4741002C93CA /* RealmSwift.xcframework in Embed Frameworks */ = {isa = PBXBuildFile; fileRef = C1EB6505261C4741002C93CA /* RealmSwift.xcframework */; settings = {ATTRIBUTES = (CodeSignOnCopy, RemoveHeadersOnCopy, ); }; };
		C1EB6517261C4C07002C93CA /* charleyrivers.jpg in Resources */ = {isa = PBXBuildFile; fileRef = C1EB6509261C4C07002C93CA /* charleyrivers.jpg */; };
		C1EB6518261C4C07002C93CA /* turtlerock.jpg in Resources */ = {isa = PBXBuildFile; fileRef = C1EB650A261C4C07002C93CA /* turtlerock.jpg */; };
		C1EB6519261C4C07002C93CA /* silversalmoncreek.jpg in Resources */ = {isa = PBXBuildFile; fileRef = C1EB650B261C4C07002C93CA /* silversalmoncreek.jpg */; };
		C1EB651A261C4C07002C93CA /* hikeData.json in Resources */ = {isa = PBXBuildFile; fileRef = C1EB650C261C4C07002C93CA /* hikeData.json */; };
		C1EB651B261C4C07002C93CA /* icybay.jpg in Resources */ = {isa = PBXBuildFile; fileRef = C1EB650D261C4C07002C93CA /* icybay.jpg */; };
		C1EB651C261C4C07002C93CA /* lakemcdonald.jpg in Resources */ = {isa = PBXBuildFile; fileRef = C1EB650E261C4C07002C93CA /* lakemcdonald.jpg */; };
		C1EB651D261C4C07002C93CA /* hiddenlake.jpg in Resources */ = {isa = PBXBuildFile; fileRef = C1EB650F261C4C07002C93CA /* hiddenlake.jpg */; };
		C1EB651E261C4C07002C93CA /* twinlake.jpg in Resources */ = {isa = PBXBuildFile; fileRef = C1EB6510261C4C07002C93CA /* twinlake.jpg */; };
		C1EB651F261C4C07002C93CA /* umbagog.jpg in Resources */ = {isa = PBXBuildFile; fileRef = C1EB6511261C4C07002C93CA /* umbagog.jpg */; };
		C1EB6520261C4C07002C93CA /* landmarkData.json in Resources */ = {isa = PBXBuildFile; fileRef = C1EB6512261C4C07002C93CA /* landmarkData.json */; };
		C1EB6521261C4C07002C93CA /* chincoteague.jpg in Resources */ = {isa = PBXBuildFile; fileRef = C1EB6513261C4C07002C93CA /* chincoteague.jpg */; };
		C1EB6522261C4C07002C93CA /* stmarylake.jpg in Resources */ = {isa = PBXBuildFile; fileRef = C1EB6514261C4C07002C93CA /* stmarylake.jpg */; };
		C1EB6523261C4C07002C93CA /* chilkoottrail.jpg in Resources */ = {isa = PBXBuildFile; fileRef = C1EB6515261C4C07002C93CA /* chilkoottrail.jpg */; };
		C1EB6524261C4C07002C93CA /* rainbowlake.jpg in Resources */ = {isa = PBXBuildFile; fileRef = C1EB6516261C4C07002C93CA /* rainbowlake.jpg */; };
		C1EB6526261C4C4D002C93CA /* CircleImage.swift in Sources */ = {isa = PBXBuildFile; fileRef = C1EB6525261C4C4D002C93CA /* CircleImage.swift */; };
		C1EB6528261C5480002C93CA /* MapView.swift in Sources */ = {isa = PBXBuildFile; fileRef = C1EB6527261C5480002C93CA /* MapView.swift */; };
/* End PBXBuildFile section */

/* Begin PBXCopyFilesBuildPhase section */
		C1EB6504261C473E002C93CA /* Embed Frameworks */ = {
			isa = PBXCopyFilesBuildPhase;
			buildActionMask = 2147483647;
			dstPath = "";
			dstSubfolderSpec = 10;
			files = (
				C1EB6503261C473E002C93CA /* Realm.xcframework in Embed Frameworks */,
				C1EB6507261C4741002C93CA /* RealmSwift.xcframework in Embed Frameworks */,
			);
			name = "Embed Frameworks";
			runOnlyForDeploymentPostprocessing = 0;
		};
/* End PBXCopyFilesBuildPhase section */

/* Begin PBXFileReference section */
		C1D1C4ED261D563A0013DABC /* Landmark.swift */ = {isa = PBXFileReference; lastKnownFileType = sourcecode.swift; path = Landmark.swift; sourceTree = "<group>"; };
		C1D1C4EF261D5B9B0013DABC /* Data.swift */ = {isa = PBXFileReference; lastKnownFileType = sourcecode.swift; path = Data.swift; sourceTree = "<group>"; };
		C1D1C4F1261D5EEA0013DABC /* LandmarkRow.swift */ = {isa = PBXFileReference; lastKnownFileType = sourcecode.swift; path = LandmarkRow.swift; sourceTree = "<group>"; };
		C1D1C4F3261D780A0013DABC /* LandmarkList.swift */ = {isa = PBXFileReference; lastKnownFileType = sourcecode.swift; path = LandmarkList.swift; sourceTree = "<group>"; };
		C1D1C4F6261D9B5D0013DABC /* UserData.swift */ = {isa = PBXFileReference; lastKnownFileType = sourcecode.swift; path = UserData.swift; sourceTree = "<group>"; };
		C1D1C4FA261EC2400013DABC /* Badge.swift */ = {isa = PBXFileReference; lastKnownFileType = sourcecode.swift; path = Badge.swift; sourceTree = "<group>"; };
		C1D1C4FC261EC3380013DABC /* HexagonParameters.swift */ = {isa = PBXFileReference; lastKnownFileType = sourcecode.swift; path = HexagonParameters.swift; sourceTree = "<group>"; };
		C1D1C4FE261ED4210013DABC /* LoginView.swift */ = {isa = PBXFileReference; lastKnownFileType = sourcecode.swift; path = LoginView.swift; sourceTree = "<group>"; };
		C1D1C500261ED6C10013DABC /* UIPlayerView.swift */ = {isa = PBXFileReference; lastKnownFileType = sourcecode.swift; path = UIPlayerView.swift; sourceTree = "<group>"; };
		C1EB64ED261C4696002C93CA /* Landmarks.app */ = {isa = PBXFileReference; explicitFileType = wrapper.application; includeInIndex = 0; path = Landmarks.app; sourceTree = BUILT_PRODUCTS_DIR; };
		C1EB64F0261C4696002C93CA /* LandmarksApp.swift */ = {isa = PBXFileReference; lastKnownFileType = sourcecode.swift; path = LandmarksApp.swift; sourceTree = "<group>"; };
		C1EB64F2261C4696002C93CA /* LandmarkDetail.swift */ = {isa = PBXFileReference; lastKnownFileType = sourcecode.swift; path = LandmarkDetail.swift; sourceTree = "<group>"; };
		C1EB64F4261C4697002C93CA /* Assets.xcassets */ = {isa = PBXFileReference; lastKnownFileType = folder.assetcatalog; path = Assets.xcassets; sourceTree = "<group>"; };
		C1EB64F7261C4697002C93CA /* Preview Assets.xcassets */ = {isa = PBXFileReference; lastKnownFileType = folder.assetcatalog; path = "Preview Assets.xcassets"; sourceTree = "<group>"; };
		C1EB64F9261C4697002C93CA /* Info.plist */ = {isa = PBXFileReference; lastKnownFileType = text.plist.xml; path = Info.plist; sourceTree = "<group>"; };
		C1EB6501261C473E002C93CA /* Realm.xcframework */ = {isa = PBXFileReference; lastKnownFileType = wrapper.xcframework; name = Realm.xcframework; path = "../../../Downloads/realm-swift-10.5.1/12.3/Realm.xcframework"; sourceTree = "<group>"; };
		C1EB6505261C4741002C93CA /* RealmSwift.xcframework */ = {isa = PBXFileReference; lastKnownFileType = wrapper.xcframework; name = RealmSwift.xcframework; path = "../../../Downloads/realm-swift-10.5.1/12.3/RealmSwift.xcframework"; sourceTree = "<group>"; };
		C1EB6509261C4C07002C93CA /* charleyrivers.jpg */ = {isa = PBXFileReference; lastKnownFileType = image.jpeg; path = charleyrivers.jpg; sourceTree = "<group>"; };
		C1EB650A261C4C07002C93CA /* turtlerock.jpg */ = {isa = PBXFileReference; lastKnownFileType = image.jpeg; path = turtlerock.jpg; sourceTree = "<group>"; };
		C1EB650B261C4C07002C93CA /* silversalmoncreek.jpg */ = {isa = PBXFileReference; lastKnownFileType = image.jpeg; path = silversalmoncreek.jpg; sourceTree = "<group>"; };
		C1EB650C261C4C07002C93CA /* hikeData.json */ = {isa = PBXFileReference; fileEncoding = 4; lastKnownFileType = text.json; path = hikeData.json; sourceTree = "<group>"; };
		C1EB650D261C4C07002C93CA /* icybay.jpg */ = {isa = PBXFileReference; lastKnownFileType = image.jpeg; path = icybay.jpg; sourceTree = "<group>"; };
		C1EB650E261C4C07002C93CA /* lakemcdonald.jpg */ = {isa = PBXFileReference; lastKnownFileType = image.jpeg; path = lakemcdonald.jpg; sourceTree = "<group>"; };
		C1EB650F261C4C07002C93CA /* hiddenlake.jpg */ = {isa = PBXFileReference; lastKnownFileType = image.jpeg; path = hiddenlake.jpg; sourceTree = "<group>"; };
		C1EB6510261C4C07002C93CA /* twinlake.jpg */ = {isa = PBXFileReference; lastKnownFileType = image.jpeg; path = twinlake.jpg; sourceTree = "<group>"; };
		C1EB6511261C4C07002C93CA /* umbagog.jpg */ = {isa = PBXFileReference; lastKnownFileType = image.jpeg; path = umbagog.jpg; sourceTree = "<group>"; };
		C1EB6512261C4C07002C93CA /* landmarkData.json */ = {isa = PBXFileReference; fileEncoding = 4; lastKnownFileType = text.json; path = landmarkData.json; sourceTree = "<group>"; };
		C1EB6513261C4C07002C93CA /* chincoteague.jpg */ = {isa = PBXFileReference; lastKnownFileType = image.jpeg; path = chincoteague.jpg; sourceTree = "<group>"; };
		C1EB6514261C4C07002C93CA /* stmarylake.jpg */ = {isa = PBXFileReference; lastKnownFileType = image.jpeg; path = stmarylake.jpg; sourceTree = "<group>"; };
		C1EB6515261C4C07002C93CA /* chilkoottrail.jpg */ = {isa = PBXFileReference; lastKnownFileType = image.jpeg; path = chilkoottrail.jpg; sourceTree = "<group>"; };
		C1EB6516261C4C07002C93CA /* rainbowlake.jpg */ = {isa = PBXFileReference; lastKnownFileType = image.jpeg; path = rainbowlake.jpg; sourceTree = "<group>"; };
		C1EB6525261C4C4D002C93CA /* CircleImage.swift */ = {isa = PBXFileReference; lastKnownFileType = sourcecode.swift; path = CircleImage.swift; sourceTree = "<group>"; };
		C1EB6527261C5480002C93CA /* MapView.swift */ = {isa = PBXFileReference; lastKnownFileType = sourcecode.swift; path = MapView.swift; sourceTree = "<group>"; };
/* End PBXFileReference section */

/* Begin PBXFrameworksBuildPhase section */
		C1EB64EA261C4696002C93CA /* Frameworks */ = {
			isa = PBXFrameworksBuildPhase;
			buildActionMask = 2147483647;
			files = (
				C1EB6502261C473E002C93CA /* Realm.xcframework in Frameworks */,
				C1EB6506261C4741002C93CA /* RealmSwift.xcframework in Frameworks */,
			);
			runOnlyForDeploymentPostprocessing = 0;
		};
/* End PBXFrameworksBuildPhase section */

/* Begin PBXGroup section */
		C1D1C4EC261D56100013DABC /* Models */ = {
			isa = PBXGroup;
			children = (
				C1D1C4ED261D563A0013DABC /* Landmark.swift */,
				C1D1C4EF261D5B9B0013DABC /* Data.swift */,
				C1D1C4F6261D9B5D0013DABC /* UserData.swift */,
			);
			path = Models;
			sourceTree = "<group>";
		};
		C1EB64E4261C4696002C93CA = {
			isa = PBXGroup;
			children = (
				C1D1C500261ED6C10013DABC /* UIPlayerView.swift */,
				C1D1C4FC261EC3380013DABC /* HexagonParameters.swift */,
				C1D1C4FA261EC2400013DABC /* Badge.swift */,
				C1D1C4FE261ED4210013DABC /* LoginView.swift */,
				C1EB64EF261C4696002C93CA /* Landmarks */,
				C1EB64EE261C4696002C93CA /* Products */,
				C1EB6500261C473E002C93CA /* Frameworks */,
			);
			sourceTree = "<group>";
		};
		C1EB64EE261C4696002C93CA /* Products */ = {
			isa = PBXGroup;
			children = (
				C1EB64ED261C4696002C93CA /* Landmarks.app */,
			);
			name = Products;
			sourceTree = "<group>";
		};
		C1EB64EF261C4696002C93CA /* Landmarks */ = {
			isa = PBXGroup;
			children = (
				C1EB64F0261C4696002C93CA /* LandmarksApp.swift */,
				C1EB64F2261C4696002C93CA /* LandmarkDetail.swift */,
				C1D1C4F1261D5EEA0013DABC /* LandmarkRow.swift */,
				C1D1C4F3261D780A0013DABC /* LandmarkList.swift */,
				C1D1C4EC261D56100013DABC /* Models */,
				C1EB6508261C4C07002C93CA /* Resources */,
				C1EB64F4261C4697002C93CA /* Assets.xcassets */,
				C1EB6525261C4C4D002C93CA /* CircleImage.swift */,
				C1EB6527261C5480002C93CA /* MapView.swift */,
				C1EB64F9261C4697002C93CA /* Info.plist */,
				C1EB64F6261C4697002C93CA /* Preview Content */,
			);
			path = Landmarks;
			sourceTree = "<group>";
		};
		C1EB64F6261C4697002C93CA /* Preview Content */ = {
			isa = PBXGroup;
			children = (
				C1EB64F7261C4697002C93CA /* Preview Assets.xcassets */,
			);
			path = "Preview Content";
			sourceTree = "<group>";
		};
		C1EB6500261C473E002C93CA /* Frameworks */ = {
			isa = PBXGroup;
			children = (
				C1EB6505261C4741002C93CA /* RealmSwift.xcframework */,
				C1EB6501261C473E002C93CA /* Realm.xcframework */,
			);
			name = Frameworks;
			sourceTree = "<group>";
		};
		C1EB6508261C4C07002C93CA /* Resources */ = {
			isa = PBXGroup;
			children = (
				C1EB6509261C4C07002C93CA /* charleyrivers.jpg */,
				C1EB650A261C4C07002C93CA /* turtlerock.jpg */,
				C1EB650B261C4C07002C93CA /* silversalmoncreek.jpg */,
				C1EB650C261C4C07002C93CA /* hikeData.json */,
				C1EB650D261C4C07002C93CA /* icybay.jpg */,
				C1EB650E261C4C07002C93CA /* lakemcdonald.jpg */,
				C1EB650F261C4C07002C93CA /* hiddenlake.jpg */,
				C1EB6510261C4C07002C93CA /* twinlake.jpg */,
				C1EB6511261C4C07002C93CA /* umbagog.jpg */,
				C1EB6512261C4C07002C93CA /* landmarkData.json */,
				C1EB6513261C4C07002C93CA /* chincoteague.jpg */,
				C1EB6514261C4C07002C93CA /* stmarylake.jpg */,
				C1EB6515261C4C07002C93CA /* chilkoottrail.jpg */,
				C1EB6516261C4C07002C93CA /* rainbowlake.jpg */,
			);
			name = Resources;
			path = ../../../../Downloads/Resources;
			sourceTree = "<group>";
		};
/* End PBXGroup section */

/* Begin PBXNativeTarget section */
		C1EB64EC261C4696002C93CA /* Landmarks */ = {
			isa = PBXNativeTarget;
			buildConfigurationList = C1EB64FC261C4697002C93CA /* Build configuration list for PBXNativeTarget "Landmarks" */;
			buildPhases = (
				C1EB64E9261C4696002C93CA /* Sources */,
				C1EB64EA261C4696002C93CA /* Frameworks */,
				C1EB64EB261C4696002C93CA /* Resources */,
				C1EB6504261C473E002C93CA /* Embed Frameworks */,
			);
			buildRules = (
			);
			dependencies = (
			);
			name = Landmarks;
			productName = Landmarks;
			productReference = C1EB64ED261C4696002C93CA /* Landmarks.app */;
			productType = "com.apple.product-type.application";
		};
/* End PBXNativeTarget section */

/* Begin PBXProject section */
		C1EB64E5261C4696002C93CA /* Project object */ = {
			isa = PBXProject;
			attributes = {
				LastSwiftUpdateCheck = 1240;
				LastUpgradeCheck = 1240;
				TargetAttributes = {
					C1EB64EC261C4696002C93CA = {
						CreatedOnToolsVersion = 12.4;
					};
				};
			};
			buildConfigurationList = C1EB64E8261C4696002C93CA /* Build configuration list for PBXProject "Landmarks" */;
			compatibilityVersion = "Xcode 9.3";
			developmentRegion = en;
			hasScannedForEncodings = 0;
			knownRegions = (
				en,
				Base,
			);
			mainGroup = C1EB64E4261C4696002C93CA;
			productRefGroup = C1EB64EE261C4696002C93CA /* Products */;
			projectDirPath = "";
			projectRoot = "";
			targets = (
				C1EB64EC261C4696002C93CA /* Landmarks */,
			);
		};
/* End PBXProject section */

/* Begin PBXResourcesBuildPhase section */
		C1EB64EB261C4696002C93CA /* Resources */ = {
			isa = PBXResourcesBuildPhase;
			buildActionMask = 2147483647;
			files = (
				C1EB6519261C4C07002C93CA /* silversalmoncreek.jpg in Resources */,
				C1EB6518261C4C07002C93CA /* turtlerock.jpg in Resources */,
				C1EB6517261C4C07002C93CA /* charleyrivers.jpg in Resources */,
				C1EB64F8261C4697002C93CA /* Preview Assets.xcassets in Resources */,
				C1EB651A261C4C07002C93CA /* hikeData.json in Resources */,
				C1EB6521261C4C07002C93CA /* chincoteague.jpg in Resources */,
				C1EB6522261C4C07002C93CA /* stmarylake.jpg in Resources */,
				C1EB6520261C4C07002C93CA /* landmarkData.json in Resources */,
				C1EB651B261C4C07002C93CA /* icybay.jpg in Resources */,
				C1EB651E261C4C07002C93CA /* twinlake.jpg in Resources */,
				C1EB651C261C4C07002C93CA /* lakemcdonald.jpg in Resources */,
				C1EB651D261C4C07002C93CA /* hiddenlake.jpg in Resources */,
				C1EB651F261C4C07002C93CA /* umbagog.jpg in Resources */,
				C1EB6524261C4C07002C93CA /* rainbowlake.jpg in Resources */,
				C1EB6523261C4C07002C93CA /* chilkoottrail.jpg in Resources */,
				C1EB64F5261C4697002C93CA /* Assets.xcassets in Resources */,
			);
			runOnlyForDeploymentPostprocessing = 0;
		};
/* End PBXResourcesBuildPhase section */

/* Begin PBXSourcesBuildPhase section */
		C1EB64E9261C4696002C93CA /* Sources */ = {
			isa = PBXSourcesBuildPhase;
			buildActionMask = 2147483647;
			files = (
				C1EB64F3261C4696002C93CA /* LandmarkDetail.swift in Sources */,
				C1D1C4FB261EC2400013DABC /* Badge.swift in Sources */,
				C1D1C4F0261D5B9B0013DABC /* Data.swift in Sources */,
				C1EB6528261C5480002C93CA /* MapView.swift in Sources */,
				C1D1C4FD261EC3380013DABC /* HexagonParameters.swift in Sources */,
				C1D1C4F7261D9B5D0013DABC /* UserData.swift in Sources */,
				C1D1C501261ED6C10013DABC /* UIPlayerView.swift in Sources */,
				C1D1C4FF261ED4210013DABC /* LoginView.swift in Sources */,
				C1D1C4F4261D780A0013DABC /* LandmarkList.swift in Sources */,
				C1EB64F1261C4696002C93CA /* LandmarksApp.swift in Sources */,
				C1EB6526261C4C4D002C93CA /* CircleImage.swift in Sources */,
				C1D1C4F2261D5EEA0013DABC /* LandmarkRow.swift in Sources */,
				C1D1C4EE261D563A0013DABC /* Landmark.swift in Sources */,
			);
			runOnlyForDeploymentPostprocessing = 0;
		};
/* End PBXSourcesBuildPhase section */

/* Begin XCBuildConfiguration section */
		C1EB64FA261C4697002C93CA /* Debug */ = {
			isa = XCBuildConfiguration;
			buildSettings = {
				ALWAYS_SEARCH_USER_PATHS = NO;
				CLANG_ANALYZER_NONNULL = YES;
				CLANG_ANALYZER_NUMBER_OBJECT_CONVERSION = YES_AGGRESSIVE;
				CLANG_CXX_LANGUAGE_STANDARD = "gnu++14";
				CLANG_CXX_LIBRARY = "libc++";
				CLANG_ENABLE_MODULES = YES;
				CLANG_ENABLE_OBJC_ARC = YES;
				CLANG_ENABLE_OBJC_WEAK = YES;
				CLANG_WARN_BLOCK_CAPTURE_AUTORELEASING = YES;
				CLANG_WARN_BOOL_CONVERSION = YES;
				CLANG_WARN_COMMA = YES;
				CLANG_WARN_CONSTANT_CONVERSION = YES;
				CLANG_WARN_DEPRECATED_OBJC_IMPLEMENTATIONS = YES;
				CLANG_WARN_DIRECT_OBJC_ISA_USAGE = YES_ERROR;
				CLANG_WARN_DOCUMENTATION_COMMENTS = YES;
				CLANG_WARN_EMPTY_BODY = YES;
				CLANG_WARN_ENUM_CONVERSION = YES;
				CLANG_WARN_INFINITE_RECURSION = YES;
				CLANG_WARN_INT_CONVERSION = YES;
				CLANG_WARN_NON_LITERAL_NULL_CONVERSION = YES;
				CLANG_WARN_OBJC_IMPLICIT_RETAIN_SELF = YES;
				CLANG_WARN_OBJC_LITERAL_CONVERSION = YES;
				CLANG_WARN_OBJC_ROOT_CLASS = YES_ERROR;
				CLANG_WARN_QUOTED_INCLUDE_IN_FRAMEWORK_HEADER = YES;
				CLANG_WARN_RANGE_LOOP_ANALYSIS = YES;
				CLANG_WARN_STRICT_PROTOTYPES = YES;
				CLANG_WARN_SUSPICIOUS_MOVE = YES;
				CLANG_WARN_UNGUARDED_AVAILABILITY = YES_AGGRESSIVE;
				CLANG_WARN_UNREACHABLE_CODE = YES;
				CLANG_WARN__DUPLICATE_METHOD_MATCH = YES;
				COPY_PHASE_STRIP = NO;
				DEBUG_INFORMATION_FORMAT = dwarf;
				ENABLE_STRICT_OBJC_MSGSEND = YES;
				ENABLE_TESTABILITY = YES;
				GCC_C_LANGUAGE_STANDARD = gnu11;
				GCC_DYNAMIC_NO_PIC = NO;
				GCC_NO_COMMON_BLOCKS = YES;
				GCC_OPTIMIZATION_LEVEL = 0;
				GCC_PREPROCESSOR_DEFINITIONS = (
					"DEBUG=1",
					"$(inherited)",
				);
				GCC_WARN_64_TO_32_BIT_CONVERSION = YES;
				GCC_WARN_ABOUT_RETURN_TYPE = YES_ERROR;
				GCC_WARN_UNDECLARED_SELECTOR = YES;
				GCC_WARN_UNINITIALIZED_AUTOS = YES_AGGRESSIVE;
				GCC_WARN_UNUSED_FUNCTION = YES;
				GCC_WARN_UNUSED_VARIABLE = YES;
				IPHONEOS_DEPLOYMENT_TARGET = 14.4;
				MTL_ENABLE_DEBUG_INFO = INCLUDE_SOURCE;
				MTL_FAST_MATH = YES;
				ONLY_ACTIVE_ARCH = YES;
				SDKROOT = iphoneos;
				SWIFT_ACTIVE_COMPILATION_CONDITIONS = DEBUG;
				SWIFT_OPTIMIZATION_LEVEL = "-Onone";
			};
			name = Debug;
		};
		C1EB64FB261C4697002C93CA /* Release */ = {
			isa = XCBuildConfiguration;
			buildSettings = {
				ALWAYS_SEARCH_USER_PATHS = NO;
				CLANG_ANALYZER_NONNULL = YES;
				CLANG_ANALYZER_NUMBER_OBJECT_CONVERSION = YES_AGGRESSIVE;
				CLANG_CXX_LANGUAGE_STANDARD = "gnu++14";
				CLANG_CXX_LIBRARY = "libc++";
				CLANG_ENABLE_MODULES = YES;
				CLANG_ENABLE_OBJC_ARC = YES;
				CLANG_ENABLE_OBJC_WEAK = YES;
				CLANG_WARN_BLOCK_CAPTURE_AUTORELEASING = YES;
				CLANG_WARN_BOOL_CONVERSION = YES;
				CLANG_WARN_COMMA = YES;
				CLANG_WARN_CONSTANT_CONVERSION = YES;
				CLANG_WARN_DEPRECATED_OBJC_IMPLEMENTATIONS = YES;
				CLANG_WARN_DIRECT_OBJC_ISA_USAGE = YES_ERROR;
				CLANG_WARN_DOCUMENTATION_COMMENTS = YES;
				CLANG_WARN_EMPTY_BODY = YES;
				CLANG_WARN_ENUM_CONVERSION = YES;
				CLANG_WARN_INFINITE_RECURSION = YES;
				CLANG_WARN_INT_CONVERSION = YES;
				CLANG_WARN_NON_LITERAL_NULL_CONVERSION = YES;
				CLANG_WARN_OBJC_IMPLICIT_RETAIN_SELF = YES;
				CLANG_WARN_OBJC_LITERAL_CONVERSION = YES;
				CLANG_WARN_OBJC_ROOT_CLASS = YES_ERROR;
				CLANG_WARN_QUOTED_INCLUDE_IN_FRAMEWORK_HEADER = YES;
				CLANG_WARN_RANGE_LOOP_ANALYSIS = YES;
				CLANG_WARN_STRICT_PROTOTYPES = YES;
				CLANG_WARN_SUSPICIOUS_MOVE = YES;
				CLANG_WARN_UNGUARDED_AVAILABILITY = YES_AGGRESSIVE;
				CLANG_WARN_UNREACHABLE_CODE = YES;
				CLANG_WARN__DUPLICATE_METHOD_MATCH = YES;
				COPY_PHASE_STRIP = NO;
				DEBUG_INFORMATION_FORMAT = "dwarf-with-dsym";
				ENABLE_NS_ASSERTIONS = NO;
				ENABLE_STRICT_OBJC_MSGSEND = YES;
				GCC_C_LANGUAGE_STANDARD = gnu11;
				GCC_NO_COMMON_BLOCKS = YES;
				GCC_WARN_64_TO_32_BIT_CONVERSION = YES;
				GCC_WARN_ABOUT_RETURN_TYPE = YES_ERROR;
				GCC_WARN_UNDECLARED_SELECTOR = YES;
				GCC_WARN_UNINITIALIZED_AUTOS = YES_AGGRESSIVE;
				GCC_WARN_UNUSED_FUNCTION = YES;
				GCC_WARN_UNUSED_VARIABLE = YES;
				IPHONEOS_DEPLOYMENT_TARGET = 14.4;
				MTL_ENABLE_DEBUG_INFO = NO;
				MTL_FAST_MATH = YES;
				SDKROOT = iphoneos;
				SWIFT_COMPILATION_MODE = wholemodule;
				SWIFT_OPTIMIZATION_LEVEL = "-O";
				VALIDATE_PRODUCT = YES;
			};
			name = Release;
		};
		C1EB64FD261C4697002C93CA /* Debug */ = {
			isa = XCBuildConfiguration;
			buildSettings = {
				ASSETCATALOG_COMPILER_APPICON_NAME = AppIcon;
				ASSETCATALOG_COMPILER_GLOBAL_ACCENT_COLOR_NAME = AccentColor;
				CODE_SIGN_STYLE = Automatic;
				DEVELOPMENT_ASSET_PATHS = "\"Landmarks/Preview Content\"";
				DEVELOPMENT_TEAM = JJUDD25PSF;
				ENABLE_PREVIEWS = YES;
				INFOPLIST_FILE = Landmarks/Info.plist;
				IPHONEOS_DEPLOYMENT_TARGET = 14.0;
				LD_RUNPATH_SEARCH_PATHS = (
					"$(inherited)",
					"@executable_path/Frameworks",
				);
				PRODUCT_BUNDLE_IDENTIFIER = com.cacel.Landmarks;
				PRODUCT_NAME = "$(TARGET_NAME)";
				SWIFT_VERSION = 5.0;
				TARGETED_DEVICE_FAMILY = "1,2";
			};
			name = Debug;
		};
		C1EB64FE261C4697002C93CA /* Release */ = {
			isa = XCBuildConfiguration;
			buildSettings = {
				ASSETCATALOG_COMPILER_APPICON_NAME = AppIcon;
				ASSETCATALOG_COMPILER_GLOBAL_ACCENT_COLOR_NAME = AccentColor;
				CODE_SIGN_STYLE = Automatic;
				DEVELOPMENT_ASSET_PATHS = "\"Landmarks/Preview Content\"";
				DEVELOPMENT_TEAM = JJUDD25PSF;
				ENABLE_PREVIEWS = YES;
				INFOPLIST_FILE = Landmarks/Info.plist;
				IPHONEOS_DEPLOYMENT_TARGET = 14.0;
				LD_RUNPATH_SEARCH_PATHS = (
					"$(inherited)",
					"@executable_path/Frameworks",
				);
				PRODUCT_BUNDLE_IDENTIFIER = com.cacel.Landmarks;
				PRODUCT_NAME = "$(TARGET_NAME)";
				SWIFT_VERSION = 5.0;
				TARGETED_DEVICE_FAMILY = "1,2";
			};
			name = Release;
		};
/* End XCBuildConfiguration section */

/* Begin XCConfigurationList section */
		C1EB64E8261C4696002C93CA /* Build configuration list for PBXProject "Landmarks" */ = {
			isa = XCConfigurationList;
			buildConfigurations = (
				C1EB64FA261C4697002C93CA /* Debug */,
				C1EB64FB261C4697002C93CA /* Release */,
			);
			defaultConfigurationIsVisible = 0;
			defaultConfigurationName = Release;
		};
		C1EB64FC261C4697002C93CA /* Build configuration list for PBXNativeTarget "Landmarks" */ = {
			isa = XCConfigurationList;
			buildConfigurations = (
				C1EB64FD261C4697002C93CA /* Debug */,
				C1EB64FE261C4697002C93CA /* Release */,
			);
			defaultConfigurationIsVisible = 0;
			defaultConfigurationName = Release;
		};
/* End XCConfigurationList section */
	};
	rootObject = C1EB64E5261C4696002C93CA /* Project object */;
}
